dependencies:
- name: ilm-lib
  repository: file://../ilm-lib
  version: 1.4.2-1
- name: messaging-rabbitmq
  repository: file://../messaging-rabbitmq
  version: 4.2.0-4-develop
digest: sha256:f4d3237a8d6707b70c9b17d8f2a40b2bb216f410d5bd1a38ec75ca1d3fc9d31d
generated: "2026-08-22T06:01:02.3222424+02:00"
