dependencies:
- name: ilm-lib
  repository: file://../ilm-lib
  version: 1.4.2-1-develop
- name: messaging-rabbitmq
  repository: file://../messaging-rabbitmq
  version: 4.2.0-2-develop
digest: sha256:34323d10775621b21c98ed64e5bdbdf36606f0b5c4d26f31d5b797564bbbc4b6
generated: "2026-04-20T15:31:27.035787+02:00"
