dependencies:
- name: czertainly-lib
  repository: file://../czertainly-lib
  version: 1.4.2
- name: messaging-rabbitmq
  repository: file://../messaging-rabbitmq
  version: 3.13.7-1-develop
digest: sha256:d57cf36b7f62d999eacff2b810abeb7db0732bb9b4230838d495c9b3d7998498
generated: "2025-03-24T16:46:42.208126+01:00"
