dependencies:
- name: czertainly-lib
  repository: file://../czertainly-lib
  version: 1.4.2
- name: messaging-rabbitmq
  repository: file://../messaging-rabbitmq
  version: 4.2.0-develop
digest: sha256:2e21facb80d4bda183484d3aba558a51654529e863f15e27b7ae1160575d7381
generated: "2025-11-05T10:48:02.21061+01:00"
