dependencies:
- name: czertainly-lib
  repository: oci://harbor.3key.company/czertainly-helm
  version: 0.1.0
- name: common-credential-provider
  repository: oci://harbor.3key.company/czertainly-helm
  version: 0.1.0
- name: ejbca-ng-connector
  repository: oci://harbor.3key.company/czertainly-helm
  version: 0.2.0
- name: api-gateway-haproxy
  repository: oci://harbor.3key.company/czertainly-helm
  version: 0.1.0
- name: fe-administrator
  repository: oci://harbor.3key.company/czertainly-helm
  version: 0.2.0
digest: sha256:af753ab163f4b2f20e5d61d9b7c0443e16e293f10830f0e3c7831f93614bf673
generated: "2022-10-05T15:29:49.527721+02:00"
