dependencies:
- name: common-credential-provider
  repository: oci://harbor.3key.company/czertainly-helm
  version: 0.1.0
- name: ejbca-ng-connector
  repository: oci://harbor.3key.company/czertainly-helm
  version: 0.2.0
- name: ms-adcs-connector
  repository: oci://harbor.3key.company/czertainly-helm
  version: 0.3.0
- name: x509-compliance-provider
  repository: oci://harbor.3key.company/czertainly-helm
  version: 0.1.0
- name: network-discovery-provider
  repository: oci://harbor.3key.company/czertainly-helm
  version: 0.1.0
- name: czertainly-lib
  repository: oci://harbor.3key.company/czertainly-helm
  version: 0.2.0
- name: api-gateway-kong
  repository: oci://harbor.3key.company/czertainly-helm
  version: 0.1.0
- name: fe-administrator
  repository: oci://harbor.3key.company/czertainly-helm
  version: 0.3.0
- name: auth-service
  repository: oci://harbor.3key.company/czertainly-helm
  version: 1.0.0
- name: auth-opa-policies
  repository: oci://harbor.3key.company/czertainly-helm
  version: 1.0.0
digest: sha256:de0bf8a1244b029aa7819fe70fb0d35af156de369971d821f11fff12a45ab28b
generated: "2023-01-31T14:17:10.35786+01:00"
