dependencies:
- name: keycloak-internal
  repository: file://../keycloak-internal
  version: 1.0.0-1
- name: common-credential-provider
  repository: file://../common-credential-provider
  version: 1.3.1
- name: ejbca-ng-connector
  repository: file://../ejbca-ng-connector
  version: 1.4.0-1
- name: ms-adcs-connector
  repository: file://../ms-adcs-connector
  version: 1.4.0-1
- name: x509-compliance-provider
  repository: file://../x509-compliance-provider
  version: 1.2.0
- name: cryptosense-discovery-provider
  repository: file://../cryptosense-discovery-provider
  version: 1.3.0
- name: network-discovery-provider
  repository: file://../network-discovery-provider
  version: 1.3.1
- name: keystore-entity-provider
  repository: file://../keystore-entity-provider
  version: 1.3.0
- name: software-cryptography-provider
  repository: file://../software-cryptography-provider
  version: 1.1.0
- name: utils-service
  repository: file://../utils-service
  version: 1.0.0-1
- name: czertainly-lib
  repository: file://../czertainly-lib
  version: 1.2.0
- name: api-gateway-kong
  repository: file://../api-gateway-kong
  version: 3.0.0-6-4-develop
- name: fe-administrator
  repository: file://../fe-administrator
  version: 2.7.1
- name: auth-service
  repository: file://../auth-service
  version: 1.1.0
- name: auth-opa-policies
  repository: file://../auth-opa-policies
  version: 1.1.0
digest: sha256:b8ce489685988c7afb21e419a33f01d3b2282ec9aaf31bef8fec3b641b5a278c
generated: "2023-05-23T09:42:01.156248+02:00"
